{"version":4,"terraform_version":"1.10.7","serial":1,"lineage":"6848336a-d99c-b329-81b6-a0ee8e3f2e1c","outputs":{},"resources":[{"module":"module.state","mode":"managed","type":"aws_dynamodb_table","name":"locks","provider":"provider[\"registry.opentofu.org/hashicorp/aws\"]","instances":[{"schema_version":1,"attributes":{"arn":"arn:aws:dynamodb:us-east-2:654211779529:table/youssefj04-lab5-tofu-state-locks","attribute":[{"name":"LockID","type":"S"}],"billing_mode":"PAY_PER_REQUEST","deletion_protection_enabled":false,"global_secondary_index":[],"global_table_witness":[],"hash_key":"LockID","id":"youssefj04-lab5-tofu-state-locks","import_table":[],"local_secondary_index":[],"name":"youssefj04-lab5-tofu-state-locks","on_demand_throughput":[],"point_in_time_recovery":[{"enabled":false,"recovery_period_in_days":0}],"range_key":null,"read_capacity":0,"region":"us-east-2","replica":[],"restore_date_time":null,"restore_source_name":null,"restore_source_table_arn":null,"restore_to_latest_time":null,"server_side_encryption":[],"stream_arn":"","stream_enabled":false,"stream_label":"","stream_view_type":"","table_class":"STANDARD","tags":null,"tags_all":{},"timeouts":null,"ttl":[{"attribute_name":"","enabled":false}],"warm_throughput":[],"write_capacity":0},"sensitive_attributes":[],"private":"eyJlMmJmYjczMC1lY2FhLTExZTYtOGY4OC0zNDM2M2JjN2M0YzAiOnsiY3JlYXRlIjoxODAwMDAwMDAwMDAwLCJkZWxldGUiOjYwMDAwMDAwMDAwMCwidXBkYXRlIjozNjAwMDAwMDAwMDAwfSwic2NoZW1hX3ZlcnNpb24iOiIxIn0="}]},{"module":"module.state","mode":"managed","type":"aws_s3_bucket","name":"state","provider":"provider[\"registry.opentofu.org/hashicorp/aws\"]","instances":[{"schema_version":0,"attributes":{"acceleration_status":"","acl":null,"arn":"arn:aws:s3:::youssefj04-lab5-tofu-state","bucket":"youssefj04-lab5-tofu-state","bucket_domain_name":"youssefj04-lab5-tofu-state.s3.amazonaws.com","bucket_prefix":"","bucket_region":"us-east-2","bucket_regional_domain_name":"youssefj04-lab5-tofu-state.s3.us-east-2.amazonaws.com","cors_rule":[],"force_destroy":false,"grant":[{"id":"662ea0b1b70d4374281dfc1ccf0bad013dd7dc43a5366aff110a25ac47944901","permissions":["FULL_CONTROL"],"type":"CanonicalUser","uri":""}],"hosted_zone_id":"Z2O1EMRO9K5GLX","id":"youssefj04-lab5-tofu-state","lifecycle_rule":[],"logging":[],"object_lock_configuration":[],"object_lock_enabled":false,"policy":"","region":"us-east-2","replication_configuration":[],"request_payer":"BucketOwner","server_side_encryption_configuration":[{"rule":[{"apply_server_side_encryption_by_default":[{"kms_master_key_id":"","sse_algorithm":"AES256"}],"bucket_key_enabled":false}]}],"tags":null,"tags_all":{},"timeouts":null,"versioning":[{"enabled":false,"mfa_delete":false}],"website":[],"website_domain":null,"website_endpoint":null},"sensitive_attributes":[],"private":"eyJlMmJmYjczMC1lY2FhLTExZTYtOGY4OC0zNDM2M2JjN2M0YzAiOnsiY3JlYXRlIjoxMjAwMDAwMDAwMDAwLCJkZWxldGUiOjM2MDAwMDAwMDAwMDAsInJlYWQiOjEyMDAwMDAwMDAwMDAsInVwZGF0ZSI6MTIwMDAwMDAwMDAwMH19"}]},{"module":"module.state","mode":"managed","type":"aws_s3_bucket_versioning","name":"versioning","provider":"provider[\"registry.opentofu.org/hashicorp/aws\"]","instances":[{"schema_version":0,"attributes":{"bucket":"youssefj04-lab5-tofu-state","expected_bucket_owner":"","id":"youssefj04-lab5-tofu-state","mfa":null,"region":"us-east-2","versioning_configuration":[{"mfa_delete":"","status":"Enabled"}]},"sensitive_attributes":[],"private":"bnVsbA==","dependencies":["module.state.aws_s3_bucket.state"]}]}],"check_results":null}
